
Microsoft Visual Studio Solution File, Format Version 12.00
# Visual Studio Version 17
VisualStudioVersion = 17.11.35312.102
MinimumVisualStudioVersion = 10.0.40219.1
Project("{FAE04EC0-301F-11D3-BF4B-00C04F79EFBC}") = "FilePicker", "FilePicker\FilePicker.csproj", "{6972D83A-3924-4ACB-A1C3-BCF0D96B81D4}"
EndProject
Global
	GlobalSection(SolutionConfigurationPlatforms) = preSolution
		Debug|Any CPU = Debug|Any CPU
		Release|Any CPU = Release|Any CPU
	EndGlobalSection
	GlobalSection(ProjectConfigurationPlatforms) = postSolution
		{6972D83A-3924-4ACB-A1C3-BCF0D96B81D4}.Debug|Any CPU.ActiveCfg = Debug|Any CPU
		{6972D83A-3924-4ACB-A1C3-BCF0D96B81D4}.Debug|Any CPU.Build.0 = Debug|Any CPU
		{6972D83A-3924-4ACB-A1C3-BCF0D96B81D4}.Debug|Any CPU.Deploy.0 = Debug|Any CPU
		{6972D83A-3924-4ACB-A1C3-BCF0D96B81D4}.Release|Any CPU.ActiveCfg = Release|Any CPU
		{6972D83A-3924-4ACB-A1C3-BCF0D96B81D4}.Release|Any CPU.Build.0 = Release|Any CPU
		{6972D83A-3924-4ACB-A1C3-BCF0D96B81D4}.Release|Any CPU.Deploy.0 = Release|Any CPU
	EndGlobalSection
	GlobalSection(SolutionProperties) = preSolution
		HideSolutionNode = FALSE
	EndGlobalSection
	GlobalSection(ExtensibilityGlobals) = postSolution
		SolutionGuid = {019B5ED7-D744-4DB9-9ABD-B4A9AC849573}
	EndGlobalSection
EndGlobal
